
Microsoft Visual Studio Solution File, Format Version 12.00
Project("{FAE04EC0-301F-11D3-BF4B-00C04F79EFBC}") = "EventStore.Plugins", "EventStore.Plugins\EventStore.Plugins.csproj", "{504B01C5-281F-4CEA-A12F-D5333AB901EB}"
EndProject
Global
	GlobalSection(SolutionConfigurationPlatforms) = preSolution
		Debug|Any CPU = Debug|Any CPU
		Release|Any CPU = Release|Any CPU
	EndGlobalSection
	GlobalSection(ProjectConfigurationPlatforms) = postSolution
		{504B01C5-281F-4CEA-A12F-D5333AB901EB}.Debug|Any CPU.ActiveCfg = Debug|x64
		{504B01C5-281F-4CEA-A12F-D5333AB901EB}.Debug|Any CPU.Build.0 = Debug|x64
		{504B01C5-281F-4CEA-A12F-D5333AB901EB}.Release|Any CPU.ActiveCfg = Release|x64
		{504B01C5-281F-4CEA-A12F-D5333AB901EB}.Release|Any CPU.Build.0 = Release|x64
	EndGlobalSection
EndGlobal
